
Microsoft Visual Studio Solution File, Format Version 12.00
# Visual Studio Version 16
VisualStudioVersion = 16.0.30804.86
MinimumVisualStudioVersion = 10.0.40219.1
Project("{9A19103F-16F7-4668-BE54-9A1E7A4F7556}") = "MacroManager", "MacroManager\MacroManager.csproj", "{F444B33D-AF10-4A5C-A000-1FEA7766159C}"
EndProject
Project("{FAE04EC0-301F-11D3-BF4B-00C04F79EFBC}") = "TestMacroManager", "TestMacroManager\TestMacroManager.csproj", "{1EA81AC7-B87E-4FAC-B502-1DCC689D0F2D}"
EndProject
Project("{FAE04EC0-301F-11D3-BF4B-00C04F79EFBC}") = "UserMacroManager", "UserMacroManager\UserMacroManager.csproj", "{3691096A-821D-4F1C-9BEC-DAAE81CCE641}"
EndProject
Global
	GlobalSection(SolutionConfigurationPlatforms) = preSolution
		Debug|Any CPU = Debug|Any CPU
		Release|Any CPU = Release|Any CPU
	EndGlobalSection
	GlobalSection(ProjectConfigurationPlatforms) = postSolution
		{F444B33D-AF10-4A5C-A000-1FEA7766159C}.Debug|Any CPU.ActiveCfg = Debug|Any CPU
		{F444B33D-AF10-4A5C-A000-1FEA7766159C}.Debug|Any CPU.Build.0 = Debug|Any CPU
		{F444B33D-AF10-4A5C-A000-1FEA7766159C}.Release|Any CPU.ActiveCfg = Release|Any CPU
		{F444B33D-AF10-4A5C-A000-1FEA7766159C}.Release|Any CPU.Build.0 = Release|Any CPU
		{1EA81AC7-B87E-4FAC-B502-1DCC689D0F2D}.Debug|Any CPU.ActiveCfg = Debug|Any CPU
		{1EA81AC7-B87E-4FAC-B502-1DCC689D0F2D}.Debug|Any CPU.Build.0 = Debug|Any CPU
		{1EA81AC7-B87E-4FAC-B502-1DCC689D0F2D}.Release|Any CPU.ActiveCfg = Release|Any CPU
		{1EA81AC7-B87E-4FAC-B502-1DCC689D0F2D}.Release|Any CPU.Build.0 = Release|Any CPU
		{3691096A-821D-4F1C-9BEC-DAAE81CCE641}.Debug|Any CPU.ActiveCfg = Debug|Any CPU
		{3691096A-821D-4F1C-9BEC-DAAE81CCE641}.Debug|Any CPU.Build.0 = Debug|Any CPU
		{3691096A-821D-4F1C-9BEC-DAAE81CCE641}.Release|Any CPU.ActiveCfg = Release|Any CPU
		{3691096A-821D-4F1C-9BEC-DAAE81CCE641}.Release|Any CPU.Build.0 = Release|Any CPU
	EndGlobalSection
	GlobalSection(SolutionProperties) = preSolution
		HideSolutionNode = FALSE
	EndGlobalSection
	GlobalSection(ExtensibilityGlobals) = postSolution
		SolutionGuid = {7C344C80-5350-400B-A8F3-40EB1086BB3C}
	EndGlobalSection
EndGlobal
